// !$*UTF8*$!
{
	archiveVersion = 1;
	classes = {};
	objectVersion = 77;
	objects = {

/* Begin PBXBuildFile section */
	5D1A2B3C4D5E6F7A8B9C0200 = {isa = PBXBuildFile; fileRef = 5D1A2B3C4D5E6F7A8B9C0100; };
	5D1A2B3C4D5E6F7A8B9C0201 = {isa = PBXBuildFile; fileRef = 5D1A2B3C4D5E6F7A8B9C0109; };
	5D1A2B3C4D5E6F7A8B9C0202 = {isa = PBXBuildFile; fileRef = 5D1A2B3C4D5E6F7A8B9C0104; };
	5D1A2B3C4D5E6F7A8B9C0203 = {isa = PBXBuildFile; fileRef = 5D1A2B3C4D5E6F7A8B9C0103; };
	5D1A2B3C4D5E6F7A8B9C0204 = {isa = PBXBuildFile; fileRef = 5D1A2B3C4D5E6F7A8B9C0106; };
	5D1A2B3C4D5E6F7A8B9C0205 = {isa = PBXBuildFile; fileRef = 5D1A2B3C4D5E6F7A8B9C0105; };
	5D1A2B3C4D5E6F7A8B9C0206 = {isa = PBXBuildFile; fileRef = 5D1A2B3C4D5E6F7A8B9C0107; };
	5D1A2B3C4D5E6F7A8B9C0207 = {isa = PBXBuildFile; fileRef = 5D1A2B3C4D5E6F7A8B9C0118; };
	5D1A2B3C4D5E6F7A8B9C0208 = {isa = PBXBuildFile; fileRef = 5D1A2B3C4D5E6F7A8B9C0116; };
	5D1A2B3C4D5E6F7A8B9C0209 = {isa = PBXBuildFile; fileRef = 5D1A2B3C4D5E6F7A8B9C0117; };
	5D1A2B3C4D5E6F7A8B9C020A = {isa = PBXBuildFile; fileRef = 5D1A2B3C4D5E6F7A8B9C0113; };
	5D1A2B3C4D5E6F7A8B9C020B = {isa = PBXBuildFile; fileRef = 5D1A2B3C4D5E6F7A8B9C010D; };
	5D1A2B3C4D5E6F7A8B9C020C = {isa = PBXBuildFile; fileRef = 5D1A2B3C4D5E6F7A8B9C0111; };
	5D1A2B3C4D5E6F7A8B9C020D = {isa = PBXBuildFile; fileRef = 5D1A2B3C4D5E6F7A8B9C0115; };
	5D1A2B3C4D5E6F7A8B9C020E = {isa = PBXBuildFile; fileRef = 5D1A2B3C4D5E6F7A8B9C0114; };
	5D1A2B3C4D5E6F7A8B9C020F = {isa = PBXBuildFile; fileRef = 5D1A2B3C4D5E6F7A8B9C0110; };
	5D1A2B3C4D5E6F7A8B9C0210 = {isa = PBXBuildFile; fileRef = 5D1A2B3C4D5E6F7A8B9C010F; };
	5D1A2B3C4D5E6F7A8B9C0211 = {isa = PBXBuildFile; fileRef = 5D1A2B3C4D5E6F7A8B9C0112; };
	5D1A2B3C4D5E6F7A8B9C0212 = {isa = PBXBuildFile; fileRef = 5D1A2B3C4D5E6F7A8B9C010E; };
	5D1A2B3C4D5E6F7A8B9C0213 = {isa = PBXBuildFile; fileRef = 5D1A2B3C4D5E6F7A8B9C010A; };
	5D1A2B3C4D5E6F7A8B9C0214 = {isa = PBXBuildFile; fileRef = 5D1A2B3C4D5E6F7A8B9C0108; };
	5D1A2B3C4D5E6F7A8B9C0215 = {isa = PBXBuildFile; fileRef = 5D1A2B3C4D5E6F7A8B9C010B; };
	5D1A2B3C4D5E6F7A8B9C0216 = {isa = PBXBuildFile; fileRef = 5D1A2B3C4D5E6F7A8B9C010C; };
	5D1A2B3C4D5E6F7A8B9C0217 = {isa = PBXBuildFile; fileRef = 5D1A2B3C4D5E6F7A8B9C0101; };
	5D1A2B3C4D5E6F7A8B9C0218 = {isa = PBXBuildFile; fileRef = 5D1A2B3C4D5E6F7A8B9C0102; };
	5D1A2B3C4D5E6F7A8B9C0300 = {isa = PBXBuildFile; fileRef = 5D1A2B3C4D5E6F7A8B9C0104; };
	5D1A2B3C4D5E6F7A8B9C0301 = {isa = PBXBuildFile; fileRef = 5D1A2B3C4D5E6F7A8B9C0103; };
	5D1A2B3C4D5E6F7A8B9C0302 = {isa = PBXBuildFile; fileRef = 5D1A2B3C4D5E6F7A8B9C0106; };
	5D1A2B3C4D5E6F7A8B9C0303 = {isa = PBXBuildFile; fileRef = 5D1A2B3C4D5E6F7A8B9C0105; };
	5D1A2B3C4D5E6F7A8B9C0304 = {isa = PBXBuildFile; fileRef = 5D1A2B3C4D5E6F7A8B9C0107; };
	5D1A2B3C4D5E6F7A8B9C0305 = {isa = PBXBuildFile; fileRef = 5D1A2B3C4D5E6F7A8B9C0109; };
	5D1A2B3C4D5E6F7A8B9C0306 = {isa = PBXBuildFile; fileRef = 5D1A2B3C4D5E6F7A8B9C010A; };
	5D1A2B3C4D5E6F7A8B9C0307 = {isa = PBXBuildFile; fileRef = 5D1A2B3C4D5E6F7A8B9C0101; };
	5D1A2B3C4D5E6F7A8B9C0308 = {isa = PBXBuildFile; fileRef = 5D1A2B3C4D5E6F7A8B9C0119; };
	5D1A2B3C4D5E6F7A8B9C0309 = {isa = PBXBuildFile; fileRef = 5D1A2B3C4D5E6F7A8B9C011A; };
/* End PBXBuildFile section */


/* Begin PBXFileReference section */
	5D1A2B3C4D5E6F7A8B9C0020 = {isa = PBXFileReference; explicitFileType = wrapper.application; includeInIndex = 0; path = Streaks.app; sourceTree = BUILT_PRODUCTS_DIR; };
	5D1A2B3C4D5E6F7A8B9C0021 = {isa = PBXFileReference; explicitFileType = wrapper.app-extension; includeInIndex = 0; path = StreaksWidget.appex; sourceTree = BUILT_PRODUCTS_DIR; };
	5D1A2B3C4D5E6F7A8B9C0100 = {isa = PBXFileReference; lastKnownFileType = sourcecode.swift; name = "AppDelegate.swift"; path = "AppDelegate.swift"; sourceTree = "<group>"; };
	5D1A2B3C4D5E6F7A8B9C0101 = {isa = PBXFileReference; lastKnownFileType = sourcecode.swift; name = "ColorExtensions.swift"; path = "ColorExtensions.swift"; sourceTree = "<group>"; };
	5D1A2B3C4D5E6F7A8B9C0102 = {isa = PBXFileReference; lastKnownFileType = sourcecode.swift; name = "DateExtensions.swift"; path = "DateExtensions.swift"; sourceTree = "<group>"; };
	5D1A2B3C4D5E6F7A8B9C0103 = {isa = PBXFileReference; lastKnownFileType = sourcecode.swift; name = "Habit+CoreDataProperties.swift"; path = "Habit+CoreDataProperties.swift"; sourceTree = "<group>"; };
	5D1A2B3C4D5E6F7A8B9C0104 = {isa = PBXFileReference; lastKnownFileType = sourcecode.swift; name = "Habit.swift"; path = "Habit.swift"; sourceTree = "<group>"; };
	5D1A2B3C4D5E6F7A8B9C0105 = {isa = PBXFileReference; lastKnownFileType = sourcecode.swift; name = "HabitCompletion+CoreDataProperties.swift"; path = "HabitCompletion+CoreDataProperties.swift"; sourceTree = "<group>"; };
	5D1A2B3C4D5E6F7A8B9C0106 = {isa = PBXFileReference; lastKnownFileType = sourcecode.swift; name = "HabitCompletion.swift"; path = "HabitCompletion.swift"; sourceTree = "<group>"; };
	5D1A2B3C4D5E6F7A8B9C0107 = {isa = PBXFileReference; lastKnownFileType = sourcecode.swift; name = "HabitFrequency.swift"; path = "HabitFrequency.swift"; sourceTree = "<group>"; };
	5D1A2B3C4D5E6F7A8B9C0108 = {isa = PBXFileReference; lastKnownFileType = sourcecode.swift; name = "NotificationManager.swift"; path = "NotificationManager.swift"; sourceTree = "<group>"; };
	5D1A2B3C4D5E6F7A8B9C0109 = {isa = PBXFileReference; lastKnownFileType = sourcecode.swift; name = "Persistence.swift"; path = "Persistence.swift"; sourceTree = "<group>"; };
	5D1A2B3C4D5E6F7A8B9C010A = {isa = PBXFileReference; lastKnownFileType = sourcecode.swift; name = "StreakCalculator.swift"; path = "StreakCalculator.swift"; sourceTree = "<group>"; };
	5D1A2B3C4D5E6F7A8B9C010B = {isa = PBXFileReference; lastKnownFileType = sourcecode.swift; name = "HeatmapDay.swift"; path = "HeatmapDay.swift"; sourceTree = "<group>"; };
	5D1A2B3C4D5E6F7A8B9C010C = {isa = PBXFileReference; lastKnownFileType = sourcecode.swift; name = "WeeklyChartData.swift"; path = "WeeklyChartData.swift"; sourceTree = "<group>"; };
	5D1A2B3C4D5E6F7A8B9C010D = {isa = PBXFileReference; lastKnownFileType = sourcecode.swift; name = "AddEditHabitViewController.swift"; path = "AddEditHabitViewController.swift"; sourceTree = "<group>"; };
	5D1A2B3C4D5E6F7A8B9C010E = {isa = PBXFileReference; lastKnownFileType = sourcecode.swift; name = "TextFieldCell.swift"; path = "TextFieldCell.swift"; sourceTree = "<group>"; };
	5D1A2B3C4D5E6F7A8B9C010F = {isa = PBXFileReference; lastKnownFileType = sourcecode.swift; name = "BarChartView.swift"; path = "BarChartView.swift"; sourceTree = "<group>"; };
	5D1A2B3C4D5E6F7A8B9C0110 = {isa = PBXFileReference; lastKnownFileType = sourcecode.swift; name = "HeatmapView.swift"; path = "HeatmapView.swift"; sourceTree = "<group>"; };
	5D1A2B3C4D5E6F7A8B9C0111 = {isa = PBXFileReference; lastKnownFileType = sourcecode.swift; name = "HabitDetailViewController.swift"; path = "HabitDetailViewController.swift"; sourceTree = "<group>"; };
	5D1A2B3C4D5E6F7A8B9C0112 = {isa = PBXFileReference; lastKnownFileType = sourcecode.swift; name = "HabitCell.swift"; path = "HabitCell.swift"; sourceTree = "<group>"; };
	5D1A2B3C4D5E6F7A8B9C0113 = {isa = PBXFileReference; lastKnownFileType = sourcecode.swift; name = "HomeViewController.swift"; path = "HomeViewController.swift"; sourceTree = "<group>"; };
	5D1A2B3C4D5E6F7A8B9C0114 = {isa = PBXFileReference; lastKnownFileType = sourcecode.swift; name = "ColorPickerViewController.swift"; path = "ColorPickerViewController.swift"; sourceTree = "<group>"; };
	5D1A2B3C4D5E6F7A8B9C0115 = {isa = PBXFileReference; lastKnownFileType = sourcecode.swift; name = "IconPickerViewController.swift"; path = "IconPickerViewController.swift"; sourceTree = "<group>"; };
	5D1A2B3C4D5E6F7A8B9C0116 = {isa = PBXFileReference; lastKnownFileType = sourcecode.swift; name = "AddEditHabitViewModel.swift"; path = "AddEditHabitViewModel.swift"; sourceTree = "<group>"; };
	5D1A2B3C4D5E6F7A8B9C0117 = {isa = PBXFileReference; lastKnownFileType = sourcecode.swift; name = "HabitDetailViewModel.swift"; path = "HabitDetailViewModel.swift"; sourceTree = "<group>"; };
	5D1A2B3C4D5E6F7A8B9C0118 = {isa = PBXFileReference; lastKnownFileType = sourcecode.swift; name = "HomeViewModel.swift"; path = "HomeViewModel.swift"; sourceTree = "<group>"; };
	5D1A2B3C4D5E6F7A8B9C0119 = {isa = PBXFileReference; lastKnownFileType = sourcecode.swift; name = "StreaksWidget.swift"; path = "StreaksWidget.swift"; sourceTree = "<group>"; };
	5D1A2B3C4D5E6F7A8B9C011A = {isa = PBXFileReference; lastKnownFileType = sourcecode.swift; name = "StreaksWidgetBundle.swift"; path = "StreaksWidgetBundle.swift"; sourceTree = "<group>"; };
/* End PBXFileReference section */


/* Begin PBXFrameworksBuildPhase section */
	5D1A2B3C4D5E6F7A8B9C0061 = {isa = PBXFrameworksBuildPhase; buildActionMask = 2147483647; files = (); runOnlyForDeploymentPostprocessing = 0; };
	5D1A2B3C4D5E6F7A8B9C0064 = {isa = PBXFrameworksBuildPhase; buildActionMask = 2147483647; files = (); runOnlyForDeploymentPostprocessing = 0; };
/* End PBXFrameworksBuildPhase section */


/* Begin PBXGroup section */
	5D1A2B3C4D5E6F7A8B9C0010 = {
		isa = PBXGroup;
		children = (5D1A2B3C4D5E6F7A8B9C0400, 5D1A2B3C4D5E6F7A8B9C0011);
		sourceTree = "<group>";
	};
	5D1A2B3C4D5E6F7A8B9C0400 = {
		isa = PBXGroup;
		children = (5D1A2B3C4D5E6F7A8B9C0100, 5D1A2B3C4D5E6F7A8B9C0401, 5D1A2B3C4D5E6F7A8B9C0402, 5D1A2B3C4D5E6F7A8B9C0403, 5D1A2B3C4D5E6F7A8B9C0409, 5D1A2B3C4D5E6F7A8B9C040A, 5D1A2B3C4D5E6F7A8B9C040B, 5D1A2B3C4D5E6F7A8B9C040C);
		path = "HabitTracker";
		sourceTree = "<group>";
	};
	5D1A2B3C4D5E6F7A8B9C040A = {
		isa = PBXGroup;
		children = (5D1A2B3C4D5E6F7A8B9C0101, 5D1A2B3C4D5E6F7A8B9C0102);
		path = "Extensions";
		sourceTree = "<group>";
	};
	5D1A2B3C4D5E6F7A8B9C0401 = {
		isa = PBXGroup;
		children = (5D1A2B3C4D5E6F7A8B9C0103, 5D1A2B3C4D5E6F7A8B9C0104, 5D1A2B3C4D5E6F7A8B9C0105, 5D1A2B3C4D5E6F7A8B9C0106, 5D1A2B3C4D5E6F7A8B9C0107);
		path = "Model";
		sourceTree = "<group>";
	};
	5D1A2B3C4D5E6F7A8B9C0409 = {
		isa = PBXGroup;
		children = (5D1A2B3C4D5E6F7A8B9C0108, 5D1A2B3C4D5E6F7A8B9C0109, 5D1A2B3C4D5E6F7A8B9C010A);
		path = "Services";
		sourceTree = "<group>";
	};
	5D1A2B3C4D5E6F7A8B9C040B = {
		isa = PBXGroup;
		children = (5D1A2B3C4D5E6F7A8B9C010B, 5D1A2B3C4D5E6F7A8B9C010C);
		path = "Utilities";
		sourceTree = "<group>";
	};
	5D1A2B3C4D5E6F7A8B9C0403 = {
		isa = PBXGroup;
		children = (5D1A2B3C4D5E6F7A8B9C0404, 5D1A2B3C4D5E6F7A8B9C0405, 5D1A2B3C4D5E6F7A8B9C0406, 5D1A2B3C4D5E6F7A8B9C0407, 5D1A2B3C4D5E6F7A8B9C0408);
		path = "View";
		sourceTree = "<group>";
	};
	5D1A2B3C4D5E6F7A8B9C0405 = {
		isa = PBXGroup;
		children = (5D1A2B3C4D5E6F7A8B9C010D, 5D1A2B3C4D5E6F7A8B9C010E);
		path = "AddEdit";
		sourceTree = "<group>";
	};
	5D1A2B3C4D5E6F7A8B9C0408 = {
		isa = PBXGroup;
		children = (5D1A2B3C4D5E6F7A8B9C010F, 5D1A2B3C4D5E6F7A8B9C0110);
		path = "Components";
		sourceTree = "<group>";
	};
	5D1A2B3C4D5E6F7A8B9C0406 = {
		isa = PBXGroup;
		children = (5D1A2B3C4D5E6F7A8B9C0111);
		path = "Detail";
		sourceTree = "<group>";
	};
	5D1A2B3C4D5E6F7A8B9C0404 = {
		isa = PBXGroup;
		children = (5D1A2B3C4D5E6F7A8B9C0112, 5D1A2B3C4D5E6F7A8B9C0113);
		path = "Home";
		sourceTree = "<group>";
	};
	5D1A2B3C4D5E6F7A8B9C0407 = {
		isa = PBXGroup;
		children = (5D1A2B3C4D5E6F7A8B9C0114, 5D1A2B3C4D5E6F7A8B9C0115);
		path = "Picker";
		sourceTree = "<group>";
	};
	5D1A2B3C4D5E6F7A8B9C0402 = {
		isa = PBXGroup;
		children = (5D1A2B3C4D5E6F7A8B9C0116, 5D1A2B3C4D5E6F7A8B9C0117, 5D1A2B3C4D5E6F7A8B9C0118);
		path = "ViewModel";
		sourceTree = "<group>";
	};
	5D1A2B3C4D5E6F7A8B9C040C = {
		isa = PBXGroup;
		children = (5D1A2B3C4D5E6F7A8B9C0119, 5D1A2B3C4D5E6F7A8B9C011A);
		path = "Widget";
		sourceTree = "<group>";
	};
	5D1A2B3C4D5E6F7A8B9C0011 = {
		isa = PBXGroup;
		children = (5D1A2B3C4D5E6F7A8B9C0020 /* Streaks.app */, 5D1A2B3C4D5E6F7A8B9C0021 /* StreaksWidget.appex */);
		name = Products;
		sourceTree = "<group>";
	};
/* End PBXGroup section */


/* Begin PBXNativeTarget section */
	5D1A2B3C4D5E6F7A8B9C0030 /* Streaks */ = {
		isa = PBXNativeTarget;
		buildConfigurationList = 5D1A2B3C4D5E6F7A8B9C0041;
		buildPhases = (5D1A2B3C4D5E6F7A8B9C0060, 5D1A2B3C4D5E6F7A8B9C0061, 5D1A2B3C4D5E6F7A8B9C0062);
		buildRules = ();
		dependencies = ();
		name = Streaks;
		productName = Streaks;
		productReference = 5D1A2B3C4D5E6F7A8B9C0020;
		productType = "com.apple.product-type.application";
	};
	5D1A2B3C4D5E6F7A8B9C0031 /* StreaksWidget */ = {
		isa = PBXNativeTarget;
		buildConfigurationList = 5D1A2B3C4D5E6F7A8B9C0042;
		buildPhases = (5D1A2B3C4D5E6F7A8B9C0063, 5D1A2B3C4D5E6F7A8B9C0064, 5D1A2B3C4D5E6F7A8B9C0065);
		buildRules = ();
		dependencies = (5D1A2B3C4D5E6F7A8B9C0066);
		name = StreaksWidget;
		productName = StreaksWidget;
		productReference = 5D1A2B3C4D5E6F7A8B9C0021;
		productType = "com.apple.product-type.app-extension";
	};
/* End PBXNativeTarget section */


/* Begin PBXProject section */
	5D1A2B3C4D5E6F7A8B9C0002 /* Project object */ = {
		isa = PBXProject;
		attributes = { BuildIndependentTargetsInParallel = 1; LastSwiftUpdateCheck = 2650; LastUpgradeCheck = 2650; TargetAttributes = { 5D1A2B3C4D5E6F7A8B9C0030 = { CreatedOnToolsVersion = 26.5; }; 5D1A2B3C4D5E6F7A8B9C0031 = { CreatedOnToolsVersion = 26.5; }; }; };
		buildConfigurationList = 5D1A2B3C4D5E6F7A8B9C0040;
		compatibilityVersion = "Xcode 14.0";
		developmentRegion = en;
		hasScannedForEncodings = 0;
		knownRegions = (en, Base);
		mainGroup = 5D1A2B3C4D5E6F7A8B9C0010;
		minimizedProjectReferenceProxies = 1;
		preferredProjectObjectVersion = 77;
		productRefGroup = 5D1A2B3C4D5E6F7A8B9C0011;
		projectDirPath = "";
		projectRoot = "";
		targets = (5D1A2B3C4D5E6F7A8B9C0030, 5D1A2B3C4D5E6F7A8B9C0031);
	};
/* End PBXProject section */


/* Begin PBXResourcesBuildPhase section */
	5D1A2B3C4D5E6F7A8B9C0062 = {isa = PBXResourcesBuildPhase; buildActionMask = 2147483647; files = (); runOnlyForDeploymentPostprocessing = 0; };
	5D1A2B3C4D5E6F7A8B9C0065 = {isa = PBXResourcesBuildPhase; buildActionMask = 2147483647; files = (); runOnlyForDeploymentPostprocessing = 0; };
/* End PBXResourcesBuildPhase section */


/* Begin PBXSourcesBuildPhase section */
	5D1A2B3C4D5E6F7A8B9C0060 = {isa = PBXSourcesBuildPhase; buildActionMask = 2147483647; files = (5D1A2B3C4D5E6F7A8B9C0200, 5D1A2B3C4D5E6F7A8B9C0201, 5D1A2B3C4D5E6F7A8B9C0202, 5D1A2B3C4D5E6F7A8B9C0203, 5D1A2B3C4D5E6F7A8B9C0204, 5D1A2B3C4D5E6F7A8B9C0205, 5D1A2B3C4D5E6F7A8B9C0206, 5D1A2B3C4D5E6F7A8B9C0207, 5D1A2B3C4D5E6F7A8B9C0208, 5D1A2B3C4D5E6F7A8B9C0209, 5D1A2B3C4D5E6F7A8B9C020A, 5D1A2B3C4D5E6F7A8B9C020B, 5D1A2B3C4D5E6F7A8B9C020C, 5D1A2B3C4D5E6F7A8B9C020D, 5D1A2B3C4D5E6F7A8B9C020E, 5D1A2B3C4D5E6F7A8B9C020F, 5D1A2B3C4D5E6F7A8B9C0210, 5D1A2B3C4D5E6F7A8B9C0211, 5D1A2B3C4D5E6F7A8B9C0212, 5D1A2B3C4D5E6F7A8B9C0213, 5D1A2B3C4D5E6F7A8B9C0214, 5D1A2B3C4D5E6F7A8B9C0215, 5D1A2B3C4D5E6F7A8B9C0216, 5D1A2B3C4D5E6F7A8B9C0217, 5D1A2B3C4D5E6F7A8B9C0218); runOnlyForDeploymentPostprocessing = 0; };
	5D1A2B3C4D5E6F7A8B9C0063 = {isa = PBXSourcesBuildPhase; buildActionMask = 2147483647; files = (5D1A2B3C4D5E6F7A8B9C0300, 5D1A2B3C4D5E6F7A8B9C0301, 5D1A2B3C4D5E6F7A8B9C0302, 5D1A2B3C4D5E6F7A8B9C0303, 5D1A2B3C4D5E6F7A8B9C0304, 5D1A2B3C4D5E6F7A8B9C0305, 5D1A2B3C4D5E6F7A8B9C0306, 5D1A2B3C4D5E6F7A8B9C0307, 5D1A2B3C4D5E6F7A8B9C0308, 5D1A2B3C4D5E6F7A8B9C0309); runOnlyForDeploymentPostprocessing = 0; };
/* End PBXSourcesBuildPhase section */


/* Begin PBXTargetDependency section */
	5D1A2B3C4D5E6F7A8B9C0066 = {isa = PBXTargetDependency; target = 5D1A2B3C4D5E6F7A8B9C0030; targetProxy = 5D1A2B3C4D5E6F7A8B9C0070; };
/* End PBXTargetDependency section */


/* Begin PBXContainerItemProxy section */
	5D1A2B3C4D5E6F7A8B9C0070 = {isa = PBXContainerItemProxy; containerPortal = 5D1A2B3C4D5E6F7A8B9C0002; proxyType = 1; remoteGlobalIDString = 5D1A2B3C4D5E6F7A8B9C0030; remoteInfo = Streaks; };
/* End PBXContainerItemProxy section */


/* Begin XCBuildConfiguration section */
	5D1A2B3C4D5E6F7A8B9C0050 /* Debug */ = {isa = XCBuildConfiguration; buildSettings = { ALWAYS_SEARCH_USER_PATHS = NO; IPHONEOS_DEPLOYMENT_TARGET = 16.0; SDKROOT = iphoneos; SWIFT_VERSION = 5.0; }; name = Debug; };
	5D1A2B3C4D5E6F7A8B9C0051 /* Release */ = {isa = XCBuildConfiguration; buildSettings = { ALWAYS_SEARCH_USER_PATHS = NO; IPHONEOS_DEPLOYMENT_TARGET = 16.0; SDKROOT = iphoneos; SWIFT_VERSION = 5.0; }; name = Release; };
	5D1A2B3C4D5E6F7A8B9C0052 /* Debug */ = {
		isa = XCBuildConfiguration;
		buildSettings = {
			CODE_SIGN_STYLE = Automatic;
			CURRENT_PROJECT_VERSION = 1;
			DEVELOPMENT_TEAM = "";
			GENERATE_INFOPLIST_FILE = YES;
			INFOPLIST_KEY_CFBundleDisplayName = Streaks;
			INFOPLIST_KEY_UIApplicationSupportsMultipleScenes = NO;
			INFOPLIST_KEY_UILaunchScreen_Generation = YES;
			INFOPLIST_KEY_UISupportedInterfaceOrientations_iPad = "UIInterfaceOrientationPortrait UIInterfaceOrientationPortraitUpsideDown UIInterfaceOrientationLandscapeLeft UIInterfaceOrientationLandscapeRight";
			INFOPLIST_KEY_UISupportedInterfaceOrientations_iPhone = "UIInterfaceOrientationPortrait UIInterfaceOrientationLandscapeLeft UIInterfaceOrientationLandscapeRight";
			MARKETING_VERSION = 1.0;
			PRODUCT_BUNDLE_IDENTIFIER = com.streaks.app;
			PRODUCT_NAME = Streaks;
			SWIFT_EMIT_LOC_STRINGS = YES;
			TARGETED_DEVICE_FAMILY = "1,2";
		};
		name = Debug;
	};
	5D1A2B3C4D5E6F7A8B9C0053 /* Release */ = {
		isa = XCBuildConfiguration;
		buildSettings = {
			CODE_SIGN_STYLE = Automatic;
			CURRENT_PROJECT_VERSION = 1;
			DEVELOPMENT_TEAM = "";
			GENERATE_INFOPLIST_FILE = YES;
			INFOPLIST_KEY_CFBundleDisplayName = Streaks;
			INFOPLIST_KEY_UIApplicationSupportsMultipleScenes = NO;
			INFOPLIST_KEY_UILaunchScreen_Generation = YES;
			INFOPLIST_KEY_UISupportedInterfaceOrientations_iPad = "UIInterfaceOrientationPortrait UIInterfaceOrientationPortraitUpsideDown UIInterfaceOrientationLandscapeLeft UIInterfaceOrientationLandscapeRight";
			INFOPLIST_KEY_UISupportedInterfaceOrientations_iPhone = "UIInterfaceOrientationPortrait UIInterfaceOrientationLandscapeLeft UIInterfaceOrientationLandscapeRight";
			MARKETING_VERSION = 1.0;
			PRODUCT_BUNDLE_IDENTIFIER = com.streaks.app;
			PRODUCT_NAME = Streaks;
			SWIFT_EMIT_LOC_STRINGS = YES;
			TARGETED_DEVICE_FAMILY = "1,2";
		};
		name = Release;
	};
	5D1A2B3C4D5E6F7A8B9C0054 /* Debug */ = {
		isa = XCBuildConfiguration;
		buildSettings = {
			CODE_SIGN_STYLE = Automatic;
			CURRENT_PROJECT_VERSION = 1;
			DEVELOPMENT_TEAM = "";
			GENERATE_INFOPLIST_FILE = YES;
			INFOPLIST_KEY_CFBundleDisplayName = Streaks;
			INFOPLIST_KEY_NSExtension = "{ NSExtensionPointIdentifier = com.apple.widgetkit-extension; }";
			MARKETING_VERSION = 1.0;
			PRODUCT_BUNDLE_IDENTIFIER = com.streaks.app.widget;
			PRODUCT_NAME = "$(TARGET_NAME)";
			SKIP_INSTALL = YES;
			SWIFT_EMIT_LOC_STRINGS = YES;
			TARGETED_DEVICE_FAMILY = "1,2";
		};
		name = Debug;
	};
	5D1A2B3C4D5E6F7A8B9C0055 /* Release */ = {
		isa = XCBuildConfiguration;
		buildSettings = {
			CODE_SIGN_STYLE = Automatic;
			CURRENT_PROJECT_VERSION = 1;
			DEVELOPMENT_TEAM = "";
			GENERATE_INFOPLIST_FILE = YES;
			INFOPLIST_KEY_CFBundleDisplayName = Streaks;
			INFOPLIST_KEY_NSExtension = "{ NSExtensionPointIdentifier = com.apple.widgetkit-extension; }";
			MARKETING_VERSION = 1.0;
			PRODUCT_BUNDLE_IDENTIFIER = com.streaks.app.widget;
			PRODUCT_NAME = "$(TARGET_NAME)";
			SKIP_INSTALL = YES;
			SWIFT_EMIT_LOC_STRINGS = YES;
			TARGETED_DEVICE_FAMILY = "1,2";
		};
		name = Release;
	};
/* End XCBuildConfiguration section */


/* Begin XCConfigurationList section */
	5D1A2B3C4D5E6F7A8B9C0040 = {isa = XCConfigurationList; buildConfigurations = (5D1A2B3C4D5E6F7A8B9C0050, 5D1A2B3C4D5E6F7A8B9C0051); defaultConfigurationIsVisible = 0; defaultConfigurationName = Release; };
	5D1A2B3C4D5E6F7A8B9C0041 = {isa = XCConfigurationList; buildConfigurations = (5D1A2B3C4D5E6F7A8B9C0052, 5D1A2B3C4D5E6F7A8B9C0053); defaultConfigurationIsVisible = 0; defaultConfigurationName = Release; };
	5D1A2B3C4D5E6F7A8B9C0042 = {isa = XCConfigurationList; buildConfigurations = (5D1A2B3C4D5E6F7A8B9C0054, 5D1A2B3C4D5E6F7A8B9C0055); defaultConfigurationIsVisible = 0; defaultConfigurationName = Release; };
/* End XCConfigurationList section */

};
rootObject = 5D1A2B3C4D5E6F7A8B9C0002;
}